
Microsoft Visual Studio Solution File, Format Version 12.00
# Visual Studio Version 16
VisualStudioVersion = 16.0.31321.278
MinimumVisualStudioVersion = 10.0.40219.1
Project("{FAE04EC0-301F-11D3-BF4B-00C04F79EFBC}") = "App", "App\App.csproj", "{F501F5C2-13C4-4CAF-ACEC-D1EB8988F60C}"
EndProject
Global
	GlobalSection(SolutionConfigurationPlatforms) = preSolution
		Debug|Any CPU = Debug|Any CPU
		Release|Any CPU = Release|Any CPU
	EndGlobalSection
	GlobalSection(ProjectConfigurationPlatforms) = postSolution
		{F501F5C2-13C4-4CAF-ACEC-D1EB8988F60C}.Debug|Any CPU.ActiveCfg = Debug|Any CPU
		{F501F5C2-13C4-4CAF-ACEC-D1EB8988F60C}.Debug|Any CPU.Build.0 = Debug|Any CPU
		{F501F5C2-13C4-4CAF-ACEC-D1EB8988F60C}.Debug|Any CPU.Deploy.0 = Debug|Any CPU
		{F501F5C2-13C4-4CAF-ACEC-D1EB8988F60C}.Release|Any CPU.ActiveCfg = Release|Any CPU
		{F501F5C2-13C4-4CAF-ACEC-D1EB8988F60C}.Release|Any CPU.Build.0 = Release|Any CPU
		{F501F5C2-13C4-4CAF-ACEC-D1EB8988F60C}.Release|Any CPU.Deploy.0 = Release|Any CPU
	EndGlobalSection
	GlobalSection(SolutionProperties) = preSolution
		HideSolutionNode = FALSE
	EndGlobalSection
	GlobalSection(ExtensibilityGlobals) = postSolution
		SolutionGuid = {285CE1F8-8EC5-47BB-8AB4-C17EAFB2817A}
	EndGlobalSection
EndGlobal
