
Microsoft Visual Studio Solution File, Format Version 12.00
# Visual Studio Version 16
VisualStudioVersion = 16.0.31313.79
MinimumVisualStudioVersion = 10.0.40219.1
Project("{FAE04EC0-301F-11D3-BF4B-00C04F79EFBC}") = "App.Android", "App\App.Android\App.Android.csproj", "{5BDBA3DE-4FB3-47B7-8E26-4E344C7F4910}"
EndProject
Project("{FAE04EC0-301F-11D3-BF4B-00C04F79EFBC}") = "App", "App\App\App.csproj", "{0C30D3CD-9B0F-4990-828E-808FACB0A39C}"
EndProject
Global
	GlobalSection(SolutionConfigurationPlatforms) = preSolution
		Debug|Any CPU = Debug|Any CPU
		Release|Any CPU = Release|Any CPU
	EndGlobalSection
	GlobalSection(ProjectConfigurationPlatforms) = postSolution
		{5BDBA3DE-4FB3-47B7-8E26-4E344C7F4910}.Debug|Any CPU.ActiveCfg = Debug|Any CPU
		{5BDBA3DE-4FB3-47B7-8E26-4E344C7F4910}.Debug|Any CPU.Build.0 = Debug|Any CPU
		{5BDBA3DE-4FB3-47B7-8E26-4E344C7F4910}.Debug|Any CPU.Deploy.0 = Debug|Any CPU
		{5BDBA3DE-4FB3-47B7-8E26-4E344C7F4910}.Release|Any CPU.ActiveCfg = Release|Any CPU
		{5BDBA3DE-4FB3-47B7-8E26-4E344C7F4910}.Release|Any CPU.Build.0 = Release|Any CPU
		{5BDBA3DE-4FB3-47B7-8E26-4E344C7F4910}.Release|Any CPU.Deploy.0 = Release|Any CPU
		{0C30D3CD-9B0F-4990-828E-808FACB0A39C}.Debug|Any CPU.ActiveCfg = Debug|Any CPU
		{0C30D3CD-9B0F-4990-828E-808FACB0A39C}.Debug|Any CPU.Build.0 = Debug|Any CPU
		{0C30D3CD-9B0F-4990-828E-808FACB0A39C}.Debug|Any CPU.Deploy.0 = Debug|Any CPU
		{0C30D3CD-9B0F-4990-828E-808FACB0A39C}.Release|Any CPU.ActiveCfg = Release|Any CPU
		{0C30D3CD-9B0F-4990-828E-808FACB0A39C}.Release|Any CPU.Build.0 = Release|Any CPU
		{0C30D3CD-9B0F-4990-828E-808FACB0A39C}.Release|Any CPU.Deploy.0 = Release|Any CPU
	EndGlobalSection
	GlobalSection(SolutionProperties) = preSolution
		HideSolutionNode = FALSE
	EndGlobalSection
	GlobalSection(ExtensibilityGlobals) = postSolution
		SolutionGuid = {A43517F9-974A-4E3F-A181-A4515D3C4D63}
	EndGlobalSection
EndGlobal
